// !$*UTF8*$!
{
	archiveVersion = 1;
	classes = {
	};
	objectVersion = 50;
	objects = {

/* Begin PBXBuildFile section */
		1BACAC5D233E5E7300A0FC20 /* AppDelegate.swift in Sources */ = {isa = PBXBuildFile; fileRef = 1BACAC5C233E5E7300A0FC20 /* AppDelegate.swift */; };
		1BACAC62233E5E7300A0FC20 /* Main.storyboard in Resources */ = {isa = PBXBuildFile; fileRef = 1BACAC60233E5E7300A0FC20 /* Main.storyboard */; };
		1BACAC64233E5E7500A0FC20 /* Assets.xcassets in Resources */ = {isa = PBXBuildFile; fileRef = 1BACAC63233E5E7500A0FC20 /* Assets.xcassets */; };
		1BACAC67233E5E7500A0FC20 /* LaunchScreen.storyboard in Resources */ = {isa = PBXBuildFile; fileRef = 1BACAC65233E5E7500A0FC20 /* LaunchScreen.storyboard */; };
		1BACAC75233E5EEF00A0FC20 /* ShoppingList.xcdatamodeld in Sources */ = {isa = PBXBuildFile; fileRef = 1BACAC73233E5EEF00A0FC20 /* ShoppingList.xcdatamodeld */; };
		1BACAC77233E608F00A0FC20 /* CoreDataStack.swift in Sources */ = {isa = PBXBuildFile; fileRef = 1BACAC76233E608F00A0FC20 /* CoreDataStack.swift */; };
		1BACAC79233E60F800A0FC20 /* ShoppingList+Convenience.swift in Sources */ = {isa = PBXBuildFile; fileRef = 1BACAC78233E60F800A0FC20 /* ShoppingList+Convenience.swift */; };
		1BACAC7B233E617900A0FC20 /* Item+Convenience.swift in Sources */ = {isa = PBXBuildFile; fileRef = 1BACAC7A233E617900A0FC20 /* Item+Convenience.swift */; };
		1BACAC7D233E628400A0FC20 /* ListController.swift in Sources */ = {isa = PBXBuildFile; fileRef = 1BACAC7C233E628400A0FC20 /* ListController.swift */; };
		1BACAC7F233E664500A0FC20 /* ListTableViewController.swift in Sources */ = {isa = PBXBuildFile; fileRef = 1BACAC7E233E664500A0FC20 /* ListTableViewController.swift */; };
		1BACAC81233E67A100A0FC20 /* ItemsTableViewController.swift in Sources */ = {isa = PBXBuildFile; fileRef = 1BACAC80233E67A100A0FC20 /* ItemsTableViewController.swift */; };
/* End PBXBuildFile section */

/* Begin PBXFileReference section */
		1BACAC59233E5E7300A0FC20 /* ShoppingList.app */ = {isa = PBXFileReference; explicitFileType = wrapper.application; includeInIndex = 0; path = ShoppingList.app; sourceTree = BUILT_PRODUCTS_DIR; };
		1BACAC5C233E5E7300A0FC20 /* AppDelegate.swift */ = {isa = PBXFileReference; lastKnownFileType = sourcecode.swift; path = AppDelegate.swift; sourceTree = "<group>"; };
		1BACAC61233E5E7300A0FC20 /* Base */ = {isa = PBXFileReference; lastKnownFileType = file.storyboard; name = Base; path = Base.lproj/Main.storyboard; sourceTree = "<group>"; };
		1BACAC63233E5E7500A0FC20 /* Assets.xcassets */ = {isa = PBXFileReference; lastKnownFileType = folder.assetcatalog; path = Assets.xcassets; sourceTree = "<group>"; };
		1BACAC66233E5E7500A0FC20 /* Base */ = {isa = PBXFileReference; lastKnownFileType = file.storyboard; name = Base; path = Base.lproj/LaunchScreen.storyboard; sourceTree = "<group>"; };
		1BACAC68233E5E7500A0FC20 /* Info.plist */ = {isa = PBXFileReference; lastKnownFileType = text.plist.xml; path = Info.plist; sourceTree = "<group>"; };
		1BACAC74233E5EEF00A0FC20 /* ShoppingList.xcdatamodel */ = {isa = PBXFileReference; lastKnownFileType = wrapper.xcdatamodel; path = ShoppingList.xcdatamodel; sourceTree = "<group>"; };
		1BACAC76233E608F00A0FC20 /* CoreDataStack.swift */ = {isa = PBXFileReference; lastKnownFileType = sourcecode.swift; path = CoreDataStack.swift; sourceTree = "<group>"; };
		1BACAC78233E60F800A0FC20 /* ShoppingList+Convenience.swift */ = {isa = PBXFileReference; lastKnownFileType = sourcecode.swift; path = "ShoppingList+Convenience.swift"; sourceTree = "<group>"; };
		1BACAC7A233E617900A0FC20 /* Item+Convenience.swift */ = {isa = PBXFileReference; lastKnownFileType = sourcecode.swift; path = "Item+Convenience.swift"; sourceTree = "<group>"; };
		1BACAC7C233E628400A0FC20 /* ListController.swift */ = {isa = PBXFileReference; lastKnownFileType = sourcecode.swift; path = ListController.swift; sourceTree = "<group>"; };
		1BACAC7E233E664500A0FC20 /* ListTableViewController.swift */ = {isa = PBXFileReference; lastKnownFileType = sourcecode.swift; path = ListTableViewController.swift; sourceTree = "<group>"; };
		1BACAC80233E67A100A0FC20 /* ItemsTableViewController.swift */ = {isa = PBXFileReference; lastKnownFileType = sourcecode.swift; path = ItemsTableViewController.swift; sourceTree = "<group>"; };
/* End PBXFileReference section */

/* Begin PBXFrameworksBuildPhase section */
		1BACAC56233E5E7300A0FC20 /* Frameworks */ = {
			isa = PBXFrameworksBuildPhase;
			buildActionMask = 2147483647;
			files = (
			);
			runOnlyForDeploymentPostprocessing = 0;
		};
/* End PBXFrameworksBuildPhase section */

/* Begin PBXGroup section */
		1BACAC50233E5E7300A0FC20 = {
			isa = PBXGroup;
			children = (
				1BACAC5B233E5E7300A0FC20 /* ShoppingList */,
				1BACAC5A233E5E7300A0FC20 /* Products */,
			);
			sourceTree = "<group>";
		};
		1BACAC5A233E5E7300A0FC20 /* Products */ = {
			isa = PBXGroup;
			children = (
				1BACAC59233E5E7300A0FC20 /* ShoppingList.app */,
			);
			name = Products;
			sourceTree = "<group>";
		};
		1BACAC5B233E5E7300A0FC20 /* ShoppingList */ = {
			isa = PBXGroup;
			children = (
				1BACAC6F233E5EA800A0FC20 /* Storyboard */,
				1BACAC72233E5EC100A0FC20 /* TableViewController */,
				1BACAC71233E5EB800A0FC20 /* Model Controller */,
				1BACAC70233E5EB300A0FC20 /* Model */,
				1BACAC6E233E5E9C00A0FC20 /* Resources */,
			);
			path = ShoppingList;
			sourceTree = "<group>";
		};
		1BACAC6E233E5E9C00A0FC20 /* Resources */ = {
			isa = PBXGroup;
			children = (
				1BACAC5C233E5E7300A0FC20 /* AppDelegate.swift */,
				1BACAC63233E5E7500A0FC20 /* Assets.xcassets */,
				1BACAC65233E5E7500A0FC20 /* LaunchScreen.storyboard */,
				1BACAC68233E5E7500A0FC20 /* Info.plist */,
			);
			path = Resources;
			sourceTree = "<group>";
		};
		1BACAC6F233E5EA800A0FC20 /* Storyboard */ = {
			isa = PBXGroup;
			children = (
				1BACAC60233E5E7300A0FC20 /* Main.storyboard */,
			);
			path = Storyboard;
			sourceTree = "<group>";
		};
		1BACAC70233E5EB300A0FC20 /* Model */ = {
			isa = PBXGroup;
			children = (
				1BACAC73233E5EEF00A0FC20 /* ShoppingList.xcdatamodeld */,
				1BACAC76233E608F00A0FC20 /* CoreDataStack.swift */,
				1BACAC78233E60F800A0FC20 /* ShoppingList+Convenience.swift */,
				1BACAC7A233E617900A0FC20 /* Item+Convenience.swift */,
			);
			path = Model;
			sourceTree = "<group>";
		};
		1BACAC71233E5EB800A0FC20 /* Model Controller */ = {
			isa = PBXGroup;
			children = (
				1BACAC7C233E628400A0FC20 /* ListController.swift */,
			);
			path = "Model Controller";
			sourceTree = "<group>";
		};
		1BACAC72233E5EC100A0FC20 /* TableViewController */ = {
			isa = PBXGroup;
			children = (
				1BACAC7E233E664500A0FC20 /* ListTableViewController.swift */,
				1BACAC80233E67A100A0FC20 /* ItemsTableViewController.swift */,
			);
			path = TableViewController;
			sourceTree = "<group>";
		};
/* End PBXGroup section */

/* Begin PBXNativeTarget section */
		1BACAC58233E5E7300A0FC20 /* ShoppingList */ = {
			isa = PBXNativeTarget;
			buildConfigurationList = 1BACAC6B233E5E7500A0FC20 /* Build configuration list for PBXNativeTarget "ShoppingList" */;
			buildPhases = (
				1BACAC55233E5E7300A0FC20 /* Sources */,
				1BACAC56233E5E7300A0FC20 /* Frameworks */,
				1BACAC57233E5E7300A0FC20 /* Resources */,
			);
			buildRules = (
			);
			dependencies = (
			);
			name = ShoppingList;
			productName = ShoppingList;
			productReference = 1BACAC59233E5E7300A0FC20 /* ShoppingList.app */;
			productType = "com.apple.product-type.application";
		};
/* End PBXNativeTarget section */

/* Begin PBXProject section */
		1BACAC51233E5E7300A0FC20 /* Project object */ = {
			isa = PBXProject;
			attributes = {
				LastSwiftUpdateCheck = 1030;
				LastUpgradeCheck = 1030;
				ORGANIZATIONNAME = "Michael Flowers";
				TargetAttributes = {
					1BACAC58233E5E7300A0FC20 = {
						CreatedOnToolsVersion = 10.3;
					};
				};
			};
			buildConfigurationList = 1BACAC54233E5E7300A0FC20 /* Build configuration list for PBXProject "ShoppingList" */;
			compatibilityVersion = "Xcode 9.3";
			developmentRegion = en;
			hasScannedForEncodings = 0;
			knownRegions = (
				en,
				Base,
			);
			mainGroup = 1BACAC50233E5E7300A0FC20;
			productRefGroup = 1BACAC5A233E5E7300A0FC20 /* Products */;
			projectDirPath = "";
			projectRoot = "";
			targets = (
				1BACAC58233E5E7300A0FC20 /* ShoppingList */,
			);
		};
/* End PBXProject section */

/* Begin PBXResourcesBuildPhase section */
		1BACAC57233E5E7300A0FC20 /* Resources */ = {
			isa = PBXResourcesBuildPhase;
			buildActionMask = 2147483647;
			files = (
				1BACAC67233E5E7500A0FC20 /* LaunchScreen.storyboard in Resources */,
				1BACAC64233E5E7500A0FC20 /* Assets.xcassets in Resources */,
				1BACAC62233E5E7300A0FC20 /* Main.storyboard in Resources */,
			);
			runOnlyForDeploymentPostprocessing = 0;
		};
/* End PBXResourcesBuildPhase section */

/* Begin PBXSourcesBuildPhase section */
		1BACAC55233E5E7300A0FC20 /* Sources */ = {
			isa = PBXSourcesBuildPhase;
			buildActionMask = 2147483647;
			files = (
				1BACAC77233E608F00A0FC20 /* CoreDataStack.swift in Sources */,
				1BACAC7D233E628400A0FC20 /* ListController.swift in Sources */,
				1BACAC81233E67A100A0FC20 /* ItemsTableViewController.swift in Sources */,
				1BACAC7B233E617900A0FC20 /* Item+Convenience.swift in Sources */,
				1BACAC79233E60F800A0FC20 /* ShoppingList+Convenience.swift in Sources */,
				1BACAC5D233E5E7300A0FC20 /* AppDelegate.swift in Sources */,
				1BACAC75233E5EEF00A0FC20 /* ShoppingList.xcdatamodeld in Sources */,
				1BACAC7F233E664500A0FC20 /* ListTableViewController.swift in Sources */,
			);
			runOnlyForDeploymentPostprocessing = 0;
		};
/* End PBXSourcesBuildPhase section */

/* Begin PBXVariantGroup section */
		1BACAC60233E5E7300A0FC20 /* Main.storyboard */ = {
			isa = PBXVariantGroup;
			children = (
				1BACAC61233E5E7300A0FC20 /* Base */,
			);
			name = Main.storyboard;
			sourceTree = "<group>";
		};
		1BACAC65233E5E7500A0FC20 /* LaunchScreen.storyboard */ = {
			isa = PBXVariantGroup;
			children = (
				1BACAC66233E5E7500A0FC20 /* Base */,
			);
			name = LaunchScreen.storyboard;
			sourceTree = "<group>";
		};
/* End PBXVariantGroup section */

/* Begin XCBuildConfiguration section */
		1BACAC69233E5E7500A0FC20 /* Debug */ = {
			isa = XCBuildConfiguration;
			buildSettings = {
				ALWAYS_SEARCH_USER_PATHS = NO;
				CLANG_ANALYZER_NONNULL = YES;
				CLANG_ANALYZER_NUMBER_OBJECT_CONVERSION = YES_AGGRESSIVE;
				CLANG_CXX_LANGUAGE_STANDARD = "gnu++14";
				CLANG_CXX_LIBRARY = "libc++";
				CLANG_ENABLE_MODULES = YES;
				CLANG_ENABLE_OBJC_ARC = YES;
				CLANG_ENABLE_OBJC_WEAK = YES;
				CLANG_WARN_BLOCK_CAPTURE_AUTORELEASING = YES;
				CLANG_WARN_BOOL_CONVERSION = YES;
				CLANG_WARN_COMMA = YES;
				CLANG_WARN_CONSTANT_CONVERSION = YES;
				CLANG_WARN_DEPRECATED_OBJC_IMPLEMENTATIONS = YES;
				CLANG_WARN_DIRECT_OBJC_ISA_USAGE = YES_ERROR;
				CLANG_WARN_DOCUMENTATION_COMMENTS = YES;
				CLANG_WARN_EMPTY_BODY = YES;
				CLANG_WARN_ENUM_CONVERSION = YES;
				CLANG_WARN_INFINITE_RECURSION = YES;
				CLANG_WARN_INT_CONVERSION = YES;
				CLANG_WARN_NON_LITERAL_NULL_CONVERSION = YES;
				CLANG_WARN_OBJC_IMPLICIT_RETAIN_SELF = YES;
				CLANG_WARN_OBJC_LITERAL_CONVERSION = YES;
				CLANG_WARN_OBJC_ROOT_CLASS = YES_ERROR;
				CLANG_WARN_RANGE_LOOP_ANALYSIS = YES;
				CLANG_WARN_STRICT_PROTOTYPES = YES;
				CLANG_WARN_SUSPICIOUS_MOVE = YES;
				CLANG_WARN_UNGUARDED_AVAILABILITY = YES_AGGRESSIVE;
				CLANG_WARN_UNREACHABLE_CODE = YES;
				CLANG_WARN__DUPLICATE_METHOD_MATCH = YES;
				CODE_SIGN_IDENTITY = "iPhone Developer";
				COPY_PHASE_STRIP = NO;
				DEBUG_INFORMATION_FORMAT = dwarf;
				ENABLE_STRICT_OBJC_MSGSEND = YES;
				ENABLE_TESTABILITY = YES;
				GCC_C_LANGUAGE_STANDARD = gnu11;
				GCC_DYNAMIC_NO_PIC = NO;
				GCC_NO_COMMON_BLOCKS = YES;
				GCC_OPTIMIZATION_LEVEL = 0;
				GCC_PREPROCESSOR_DEFINITIONS = (
					"DEBUG=1",
					"$(inherited)",
				);
				GCC_WARN_64_TO_32_BIT_CONVERSION = YES;
				GCC_WARN_ABOUT_RETURN_TYPE = YES_ERROR;
				GCC_WARN_UNDECLARED_SELECTOR = YES;
				GCC_WARN_UNINITIALIZED_AUTOS = YES_AGGRESSIVE;
				GCC_WARN_UNUSED_FUNCTION = YES;
				GCC_WARN_UNUSED_VARIABLE = YES;
				IPHONEOS_DEPLOYMENT_TARGET = 12.4;
				MTL_ENABLE_DEBUG_INFO = INCLUDE_SOURCE;
				MTL_FAST_MATH = YES;
				ONLY_ACTIVE_ARCH = YES;
				SDKROOT = iphoneos;
				SWIFT_ACTIVE_COMPILATION_CONDITIONS = DEBUG;
				SWIFT_OPTIMIZATION_LEVEL = "-Onone";
			};
			name = Debug;
		};
		1BACAC6A233E5E7500A0FC20 /* Release */ = {
			isa = XCBuildConfiguration;
			buildSettings = {
				ALWAYS_SEARCH_USER_PATHS = NO;
				CLANG_ANALYZER_NONNULL = YES;
				CLANG_ANALYZER_NUMBER_OBJECT_CONVERSION = YES_AGGRESSIVE;
				CLANG_CXX_LANGUAGE_STANDARD = "gnu++14";
				CLANG_CXX_LIBRARY = "libc++";
				CLANG_ENABLE_MODULES = YES;
				CLANG_ENABLE_OBJC_ARC = YES;
				CLANG_ENABLE_OBJC_WEAK = YES;
				CLANG_WARN_BLOCK_CAPTURE_AUTORELEASING = YES;
				CLANG_WARN_BOOL_CONVERSION = YES;
				CLANG_WARN_COMMA = YES;
				CLANG_WARN_CONSTANT_CONVERSION = YES;
				CLANG_WARN_DEPRECATED_OBJC_IMPLEMENTATIONS = YES;
				CLANG_WARN_DIRECT_OBJC_ISA_USAGE = YES_ERROR;
				CLANG_WARN_DOCUMENTATION_COMMENTS = YES;
				CLANG_WARN_EMPTY_BODY = YES;
				CLANG_WARN_ENUM_CONVERSION = YES;
				CLANG_WARN_INFINITE_RECURSION = YES;
				CLANG_WARN_INT_CONVERSION = YES;
				CLANG_WARN_NON_LITERAL_NULL_CONVERSION = YES;
				CLANG_WARN_OBJC_IMPLICIT_RETAIN_SELF = YES;
				CLANG_WARN_OBJC_LITERAL_CONVERSION = YES;
				CLANG_WARN_OBJC_ROOT_CLASS = YES_ERROR;
				CLANG_WARN_RANGE_LOOP_ANALYSIS = YES;
				CLANG_WARN_STRICT_PROTOTYPES = YES;
				CLANG_WARN_SUSPICIOUS_MOVE = YES;
				CLANG_WARN_UNGUARDED_AVAILABILITY = YES_AGGRESSIVE;
				CLANG_WARN_UNREACHABLE_CODE = YES;
				CLANG_WARN__DUPLICATE_METHOD_MATCH = YES;
				CODE_SIGN_IDENTITY = "iPhone Developer";
				COPY_PHASE_STRIP = NO;
				DEBUG_INFORMATION_FORMAT = "dwarf-with-dsym";
				ENABLE_NS_ASSERTIONS = NO;
				ENABLE_STRICT_OBJC_MSGSEND = YES;
				GCC_C_LANGUAGE_STANDARD = gnu11;
				GCC_NO_COMMON_BLOCKS = YES;
				GCC_WARN_64_TO_32_BIT_CONVERSION = YES;
				GCC_WARN_ABOUT_RETURN_TYPE = YES_ERROR;
				GCC_WARN_UNDECLARED_SELECTOR = YES;
				GCC_WARN_UNINITIALIZED_AUTOS = YES_AGGRESSIVE;
				GCC_WARN_UNUSED_FUNCTION = YES;
				GCC_WARN_UNUSED_VARIABLE = YES;
				IPHONEOS_DEPLOYMENT_TARGET = 12.4;
				MTL_ENABLE_DEBUG_INFO = NO;
				MTL_FAST_MATH = YES;
				SDKROOT = iphoneos;
				SWIFT_COMPILATION_MODE = wholemodule;
				SWIFT_OPTIMIZATION_LEVEL = "-O";
				VALIDATE_PRODUCT = YES;
			};
			name = Release;
		};
		1BACAC6C233E5E7500A0FC20 /* Debug */ = {
			isa = XCBuildConfiguration;
			buildSettings = {
				ASSETCATALOG_COMPILER_APPICON_NAME = AppIcon;
				CODE_SIGN_STYLE = Automatic;
				DEVELOPMENT_TEAM = X4W7EQ4E4R;
				INFOPLIST_FILE = "$(SRCROOT)/ShoppingList/Resources/Info.plist";
				LD_RUNPATH_SEARCH_PATHS = (
					"$(inherited)",
					"@executable_path/Frameworks",
				);
				PRODUCT_BUNDLE_IDENTIFIER = flowers.ShoppingList;
				PRODUCT_NAME = "$(TARGET_NAME)";
				SWIFT_VERSION = 5.0;
				TARGETED_DEVICE_FAMILY = "1,2";
			};
			name = Debug;
		};
		1BACAC6D233E5E7500A0FC20 /* Release */ = {
			isa = XCBuildConfiguration;
			buildSettings = {
				ASSETCATALOG_COMPILER_APPICON_NAME = AppIcon;
				CODE_SIGN_STYLE = Automatic;
				DEVELOPMENT_TEAM = X4W7EQ4E4R;
				INFOPLIST_FILE = "$(SRCROOT)/ShoppingList/Resources/Info.plist";
				LD_RUNPATH_SEARCH_PATHS = (
					"$(inherited)",
					"@executable_path/Frameworks",
				);
				PRODUCT_BUNDLE_IDENTIFIER = flowers.ShoppingList;
				PRODUCT_NAME = "$(TARGET_NAME)";
				SWIFT_VERSION = 5.0;
				TARGETED_DEVICE_FAMILY = "1,2";
			};
			name = Release;
		};
/* End XCBuildConfiguration section */

/* Begin XCConfigurationList section */
		1BACAC54233E5E7300A0FC20 /* Build configuration list for PBXProject "ShoppingList" */ = {
			isa = XCConfigurationList;
			buildConfigurations = (
				1BACAC69233E5E7500A0FC20 /* Debug */,
				1BACAC6A233E5E7500A0FC20 /* Release */,
			);
			defaultConfigurationIsVisible = 0;
			defaultConfigurationName = Release;
		};
		1BACAC6B233E5E7500A0FC20 /* Build configuration list for PBXNativeTarget "ShoppingList" */ = {
			isa = XCConfigurationList;
			buildConfigurations = (
				1BACAC6C233E5E7500A0FC20 /* Debug */,
				1BACAC6D233E5E7500A0FC20 /* Release */,
			);
			defaultConfigurationIsVisible = 0;
			defaultConfigurationName = Release;
		};
/* End XCConfigurationList section */

/* Begin XCVersionGroup section */
		1BACAC73233E5EEF00A0FC20 /* ShoppingList.xcdatamodeld */ = {
			isa = XCVersionGroup;
			children = (
				1BACAC74233E5EEF00A0FC20 /* ShoppingList.xcdatamodel */,
			);
			currentVersion = 1BACAC74233E5EEF00A0FC20 /* ShoppingList.xcdatamodel */;
			path = ShoppingList.xcdatamodeld;
			sourceTree = "<group>";
			versionGroupType = wrapper.xcdatamodel;
		};
/* End XCVersionGroup section */
	};
	rootObject = 1BACAC51233E5E7300A0FC20 /* Project object */;
}
